{
  "requires": true,
  "lockfileVersion": 1,
  "dependencies": {
    "classnames": {
      "version": "2.2.6",
      "resolved": "https://registry.npmjs.org/classnames/-/classnames-2.2.6.tgz",
      "integrity": "sha512-JR/iSQOSt+LQIWwrwEzJ9uk0xfN3mTVYMwt1Ir5mUcSN6pU+V4zQFFaJsclJbPuAUQH+yfWef6tm7l1quW3C8Q=="
    },
    "core-js": {
      "version": "2.6.3",
      "resolved": "https://registry.npmjs.org/core-js/-/core-js-2.6.3.tgz",
      "integrity": "sha512-l00tmFFZOBHtYhN4Cz7k32VM7vTn3rE2ANjQDxdEN6zmXZ/xq1jQuutnmHvMG1ZJ7xd72+TA5YpUK8wz3rWsfQ=="
    },
    "feather-icons": {
      "version": "4.12.0",
      "resolved": "https://registry.npmjs.org/feather-icons/-/feather-icons-4.12.0.tgz",
      "integrity": "sha512-D25fdV9gHE1bjrivhO7pxTkn6rbrBILtpYcLY8PLK3YuCtot9HwMbozjB4OrSzd1ZJaAOmMCZG0qcaE0UKKJ9A==",
      "requires": {
        "classnames": "^2.2.5",
        "core-js": "^2.5.3"
      }
    }
  }
}
